
Microsoft Visual Studio Solution File, Format Version 12.00
# Visual Studio Version 17
VisualStudioVersion = 17.2.32519.379
MinimumVisualStudioVersion = 10.0.40219.1
Project("{FAE04EC0-301F-11D3-BF4B-00C04F79EFBC}") = "Lesson02Example", "Lesson02Example\Lesson02Example.csproj", "{9E9946FE-9FE1-429A-A08E-F68F5B63DC48}"
EndProject
Global
	GlobalSection(SolutionConfigurationPlatforms) = preSolution
		Debug|Any CPU = Debug|Any CPU
		Release|Any CPU = Release|Any CPU
	EndGlobalSection
	GlobalSection(ProjectConfigurationPlatforms) = postSolution
		{9E9946FE-9FE1-429A-A08E-F68F5B63DC48}.Debug|Any CPU.ActiveCfg = Debug|Any CPU
		{9E9946FE-9FE1-429A-A08E-F68F5B63DC48}.Debug|Any CPU.Build.0 = Debug|Any CPU
		{9E9946FE-9FE1-429A-A08E-F68F5B63DC48}.Release|Any CPU.ActiveCfg = Release|Any CPU
		{9E9946FE-9FE1-429A-A08E-F68F5B63DC48}.Release|Any CPU.Build.0 = Release|Any CPU
	EndGlobalSection
	GlobalSection(SolutionProperties) = preSolution
		HideSolutionNode = FALSE
	EndGlobalSection
	GlobalSection(ExtensibilityGlobals) = postSolution
		SolutionGuid = {E0848A54-35DF-4102-A1A7-554F058131E5}
	EndGlobalSection
EndGlobal
